
Microsoft Visual Studio Solution File, Format Version 12.00
# Visual Studio Version 17
VisualStudioVersion = 17.11.35208.52
MinimumVisualStudioVersion = 10.0.40219.1
Project("{2150E333-8FDC-42A3-9474-1A3956D46DE8}") = "Core", "Core", "{A849FC7B-AF20-4657-8E51-CEB2EF5BC226}"
EndProject
Project("{FAE04EC0-301F-11D3-BF4B-00C04F79EFBC}") = "Core", "Core\Core.csproj", "{CADFBF22-F6D2-4D85-BDD1-D7CE05380007}"
EndProject
Project("{2150E333-8FDC-42A3-9474-1A3956D46DE8}") = "Services", "Services", "{FE68156A-DC3D-4A47-A9A8-253D0089DBB7}"
EndProject
Project("{FAE04EC0-301F-11D3-BF4B-00C04F79EFBC}") = "CreateAndLoadDynamoDBTables", "CreateAndLoadDynamoDBTables\CreateAndLoadDynamoDBTables.csproj", "{0F498052-84F5-477E-8DDA-EAFF91E16487}"
EndProject
Global
	GlobalSection(SolutionConfigurationPlatforms) = preSolution
		Debug|Any CPU = Debug|Any CPU
		Release|Any CPU = Release|Any CPU
	EndGlobalSection
	GlobalSection(ProjectConfigurationPlatforms) = postSolution
		{CADFBF22-F6D2-4D85-BDD1-D7CE05380007}.Debug|Any CPU.ActiveCfg = Debug|Any CPU
		{CADFBF22-F6D2-4D85-BDD1-D7CE05380007}.Debug|Any CPU.Build.0 = Debug|Any CPU
		{CADFBF22-F6D2-4D85-BDD1-D7CE05380007}.Release|Any CPU.ActiveCfg = Release|Any CPU
		{CADFBF22-F6D2-4D85-BDD1-D7CE05380007}.Release|Any CPU.Build.0 = Release|Any CPU
		{0F498052-84F5-477E-8DDA-EAFF91E16487}.Debug|Any CPU.ActiveCfg = Debug|Any CPU
		{0F498052-84F5-477E-8DDA-EAFF91E16487}.Debug|Any CPU.Build.0 = Debug|Any CPU
		{0F498052-84F5-477E-8DDA-EAFF91E16487}.Release|Any CPU.ActiveCfg = Release|Any CPU
		{0F498052-84F5-477E-8DDA-EAFF91E16487}.Release|Any CPU.Build.0 = Release|Any CPU
	EndGlobalSection
	GlobalSection(SolutionProperties) = preSolution
		HideSolutionNode = FALSE
	EndGlobalSection
	GlobalSection(NestedProjects) = preSolution
		{CADFBF22-F6D2-4D85-BDD1-D7CE05380007} = {A849FC7B-AF20-4657-8E51-CEB2EF5BC226}
		{0F498052-84F5-477E-8DDA-EAFF91E16487} = {FE68156A-DC3D-4A47-A9A8-253D0089DBB7}
	EndGlobalSection
	GlobalSection(ExtensibilityGlobals) = postSolution
		SolutionGuid = {93EE58ED-EF0F-415E-8114-1C7ABE69D2FD}
	EndGlobalSection
EndGlobal
